
Microsoft Visual Studio Solution File, Format Version 11.00
# Visual Studio 2010
Project("{FAE04EC0-301F-11D3-BF4B-00C04F79EFBC}") = "Action.Engine", "Action.Engine\Action.Engine.csproj", "{0348CA5E-C60B-424D-999C-55A153A637E1}"
EndProject
Project("{2150E333-8FDC-42A3-9474-1A3956D46DE8}") = "Engine", "Engine", "{E3994E17-EA3D-4139-A8EC-AAF34743DFD2}"
EndProject
Project("{2150E333-8FDC-42A3-9474-1A3956D46DE8}") = "Module", "Module", "{B84861F9-B0A9-49F5-8261-5A6FE783B2F9}"
EndProject
Project("{FAE04EC0-301F-11D3-BF4B-00C04F79EFBC}") = "Action.Login", "Action.Login\Action.Login.csproj", "{EE199967-9BD1-41E8-9465-9E3B60C33E58}"
EndProject
Project("{FAE04EC0-301F-11D3-BF4B-00C04F79EFBC}") = "Action.Model", "Action.Model\Action.Model.csproj", "{FCB49407-1470-44C8-8D9B-AABA921FF088}"
EndProject
Project("{2150E333-8FDC-42A3-9474-1A3956D46DE8}") = "Util", "Util", "{B7C86398-2BFA-4131-B196-58237DAD38A0}"
EndProject
Project("{FAE04EC0-301F-11D3-BF4B-00C04F79EFBC}") = "Action.Chat", "Action.Chat\Action.Chat.csproj", "{13EDC722-CD57-49D8-9D8E-7D0055B11C2F}"
EndProject
Project("{FAE04EC0-301F-11D3-BF4B-00C04F79EFBC}") = "Action.Task", "Action.Task\Action.Task.csproj", "{899799FA-B097-4042-8BB8-1DCEB26106D0}"
EndProject
Project("{FAE04EC0-301F-11D3-BF4B-00C04F79EFBC}") = "Action.Test", "Action.Test\Action.Test.csproj", "{68BE7386-9C0B-48B8-A048-7A1CAED5BBCB}"
EndProject
Project("{FAE04EC0-301F-11D3-BF4B-00C04F79EFBC}") = "Action.Role", "Action.Role\Action.Role.csproj", "{A467F4FD-7F52-41F1-A396-72811E22F1C7}"
EndProject
Project("{2150E333-8FDC-42A3-9474-1A3956D46DE8}") = "Assist", "Assist", "{DE0D85C3-B670-468B-8211-0E2FC5A8D1A4}"
EndProject
Project("{FAE04EC0-301F-11D3-BF4B-00C04F79EFBC}") = "Action.DataAccess", "Action.DataAccess\Action.DataAccess.csproj", "{F622118C-38C5-4D06-929E-46A5DADEF618}"
EndProject
Project("{FAE04EC0-301F-11D3-BF4B-00C04F79EFBC}") = "Action.Utility", "Action.Utility\Action.Utility.csproj", "{8F6EEE8F-FA80-4A0F-A9AB-80E4D0BE7A71}"
EndProject
Project("{FAE04EC0-301F-11D3-BF4B-00C04F79EFBC}") = "Action.Home", "Action.Home\Action.Home.csproj", "{0EDC8E8C-9D05-4253-A7FC-C48326094709}"
EndProject
Project("{FAE04EC0-301F-11D3-BF4B-00C04F79EFBC}") = "Action.Script", "Action.Script\Action.Script.csproj", "{ACE67436-F00A-4852-BD26-71A30610B587}"
EndProject
Project("{FAE04EC0-301F-11D3-BF4B-00C04F79EFBC}") = "Action.Log", "Action.Log\Action.Log.csproj", "{1A16C6F8-4C8C-4E12-859B-5C266A5B80DB}"
EndProject
Project("{FAE04EC0-301F-11D3-BF4B-00C04F79EFBC}") = "Action.Core", "Action.Core\Action.Core.csproj", "{234CF252-B969-48A9-B3E9-170A08EDC256}"
EndProject
Project("{FAE04EC0-301F-11D3-BF4B-00C04F79EFBC}") = "Action.Client", "Action.Client\Action.Client.csproj", "{9C6D3CCC-0751-49B0-8D1C-1333F1B65681}"
EndProject
Project("{FAE04EC0-301F-11D3-BF4B-00C04F79EFBC}") = "Gmcsl", "Gmcsl\Gmcsl.csproj", "{6246CC43-3D20-4720-97D2-789696BDDAA9}"
EndProject
Project("{FAE04EC0-301F-11D3-BF4B-00C04F79EFBC}") = "Action.Bag", "Action.Bag\Action.Bag.csproj", "{451D200D-3D3F-4748-8288-96331DF4682E}"
EndProject
Project("{FAE04EC0-301F-11D3-BF4B-00C04F79EFBC}") = "Host", "Host\Host.csproj", "{1E3E1571-091F-4130-B4DB-C0744A7390B3}"
EndProject
Project("{FAE04EC0-301F-11D3-BF4B-00C04F79EFBC}") = "Action.Hero", "Action.Hero\Action.Hero.csproj", "{C4FE18FA-99DC-4AFD-BB1A-D35B24D81C3E}"
EndProject
Project("{FAE04EC0-301F-11D3-BF4B-00C04F79EFBC}") = "Action.Prize", "Action.Prize\Action.Prize.csproj", "{91DCB84F-E00F-4205-918B-2B84A9B95C7E}"
EndProject
Project("{FAE04EC0-301F-11D3-BF4B-00C04F79EFBC}") = "Action.Friend", "Action.Friend\Action.Friend.csproj", "{A67C483A-E3A6-467D-8107-A1D87342BB17}"
EndProject
Project("{FAE04EC0-301F-11D3-BF4B-00C04F79EFBC}") = "Action.Equip", "Action.Equip\Action.Equip.csproj", "{CA11079B-59EE-41D0-B8E9-FFF6E125E9EC}"
EndProject
Project("{FAE04EC0-301F-11D3-BF4B-00C04F79EFBC}") = "Action.Battle", "Action.Battle\Action.Battle.csproj", "{D16F889D-294D-4865-9281-B197C0418637}"
EndProject
Project("{FAE04EC0-301F-11D3-BF4B-00C04F79EFBC}") = "Action.Copy", "Action.Copy\Action.Copy.csproj", "{A223477F-3D00-48A6-BAE3-DC8495572019}"
EndProject
Project("{FAE04EC0-301F-11D3-BF4B-00C04F79EFBC}") = "Action.Hunt", "Action.Hunt\Action.Hunt.csproj", "{084A8C8D-590C-42AD-95D8-B154D657654F}"
EndProject
Project("{FAE04EC0-301F-11D3-BF4B-00C04F79EFBC}") = "Action.Guild", "Action.Guild\Action.Guild.csproj", "{74B8667C-33E9-4817-B7D0-F187F21B034C}"
EndProject
Project("{FAE04EC0-301F-11D3-BF4B-00C04F79EFBC}") = "Action.Recharge", "Action.Recharge\Action.Recharge.csproj", "{C5076A24-55DF-472F-8C26-F944683FA971}"
EndProject
Project("{FAE04EC0-301F-11D3-BF4B-00C04F79EFBC}") = "Action.Shop", "Action.Shop\Action.Shop.csproj", "{B58A3839-A080-4EE3-BAA6-B2EFCAAA54CB}"
EndProject
Global
	GlobalSection(TestCaseManagementSettings) = postSolution
		CategoryFile = Action.vsmdi
	EndGlobalSection
	GlobalSection(SolutionConfigurationPlatforms) = preSolution
		Debug|Any CPU = Debug|Any CPU
		Debug|Mixed Platforms = Debug|Mixed Platforms
		Debug|x86 = Debug|x86
		Release|Any CPU = Release|Any CPU
		Release|Mixed Platforms = Release|Mixed Platforms
		Release|x86 = Release|x86
	EndGlobalSection
	GlobalSection(ProjectConfigurationPlatforms) = postSolution
		{0348CA5E-C60B-424D-999C-55A153A637E1}.Debug|Any CPU.ActiveCfg = Debug|Any CPU
		{0348CA5E-C60B-424D-999C-55A153A637E1}.Debug|Any CPU.Build.0 = Debug|Any CPU
		{0348CA5E-C60B-424D-999C-55A153A637E1}.Debug|Mixed Platforms.ActiveCfg = Debug|Any CPU
		{0348CA5E-C60B-424D-999C-55A153A637E1}.Debug|Mixed Platforms.Build.0 = Debug|Any CPU
		{0348CA5E-C60B-424D-999C-55A153A637E1}.Debug|x86.ActiveCfg = Debug|Any CPU
		{0348CA5E-C60B-424D-999C-55A153A637E1}.Release|Any CPU.ActiveCfg = Release|Any CPU
		{0348CA5E-C60B-424D-999C-55A153A637E1}.Release|Any CPU.Build.0 = Release|Any CPU
		{0348CA5E-C60B-424D-999C-55A153A637E1}.Release|Mixed Platforms.ActiveCfg = Release|Any CPU
		{0348CA5E-C60B-424D-999C-55A153A637E1}.Release|Mixed Platforms.Build.0 = Release|Any CPU
		{0348CA5E-C60B-424D-999C-55A153A637E1}.Release|x86.ActiveCfg = Release|Any CPU
		{EE199967-9BD1-41E8-9465-9E3B60C33E58}.Debug|Any CPU.ActiveCfg = Debug|Any CPU
		{EE199967-9BD1-41E8-9465-9E3B60C33E58}.Debug|Any CPU.Build.0 = Debug|Any CPU
		{EE199967-9BD1-41E8-9465-9E3B60C33E58}.Debug|Mixed Platforms.ActiveCfg = Debug|Any CPU
		{EE199967-9BD1-41E8-9465-9E3B60C33E58}.Debug|Mixed Platforms.Build.0 = Debug|Any CPU
		{EE199967-9BD1-41E8-9465-9E3B60C33E58}.Debug|x86.ActiveCfg = Debug|Any CPU
		{EE199967-9BD1-41E8-9465-9E3B60C33E58}.Release|Any CPU.ActiveCfg = Release|Any CPU
		{EE199967-9BD1-41E8-9465-9E3B60C33E58}.Release|Any CPU.Build.0 = Release|Any CPU
		{EE199967-9BD1-41E8-9465-9E3B60C33E58}.Release|Mixed Platforms.ActiveCfg = Release|Any CPU
		{EE199967-9BD1-41E8-9465-9E3B60C33E58}.Release|Mixed Platforms.Build.0 = Release|Any CPU
		{EE199967-9BD1-41E8-9465-9E3B60C33E58}.Release|x86.ActiveCfg = Release|Any CPU
		{FCB49407-1470-44C8-8D9B-AABA921FF088}.Debug|Any CPU.ActiveCfg = Debug|Any CPU
		{FCB49407-1470-44C8-8D9B-AABA921FF088}.Debug|Any CPU.Build.0 = Debug|Any CPU
		{FCB49407-1470-44C8-8D9B-AABA921FF088}.Debug|Mixed Platforms.ActiveCfg = Debug|Any CPU
		{FCB49407-1470-44C8-8D9B-AABA921FF088}.Debug|Mixed Platforms.Build.0 = Debug|Any CPU
		{FCB49407-1470-44C8-8D9B-AABA921FF088}.Debug|x86.ActiveCfg = Debug|Any CPU
		{FCB49407-1470-44C8-8D9B-AABA921FF088}.Release|Any CPU.ActiveCfg = Release|Any CPU
		{FCB49407-1470-44C8-8D9B-AABA921FF088}.Release|Any CPU.Build.0 = Release|Any CPU
		{FCB49407-1470-44C8-8D9B-AABA921FF088}.Release|Mixed Platforms.ActiveCfg = Release|Any CPU
		{FCB49407-1470-44C8-8D9B-AABA921FF088}.Release|Mixed Platforms.Build.0 = Release|Any CPU
		{FCB49407-1470-44C8-8D9B-AABA921FF088}.Release|x86.ActiveCfg = Release|Any CPU
		{13EDC722-CD57-49D8-9D8E-7D0055B11C2F}.Debug|Any CPU.ActiveCfg = Debug|Any CPU
		{13EDC722-CD57-49D8-9D8E-7D0055B11C2F}.Debug|Any CPU.Build.0 = Debug|Any CPU
		{13EDC722-CD57-49D8-9D8E-7D0055B11C2F}.Debug|Mixed Platforms.ActiveCfg = Debug|Any CPU
		{13EDC722-CD57-49D8-9D8E-7D0055B11C2F}.Debug|Mixed Platforms.Build.0 = Debug|Any CPU
		{13EDC722-CD57-49D8-9D8E-7D0055B11C2F}.Debug|x86.ActiveCfg = Debug|Any CPU
		{13EDC722-CD57-49D8-9D8E-7D0055B11C2F}.Release|Any CPU.ActiveCfg = Release|Any CPU
		{13EDC722-CD57-49D8-9D8E-7D0055B11C2F}.Release|Any CPU.Build.0 = Release|Any CPU
		{13EDC722-CD57-49D8-9D8E-7D0055B11C2F}.Release|Mixed Platforms.ActiveCfg = Release|Any CPU
		{13EDC722-CD57-49D8-9D8E-7D0055B11C2F}.Release|Mixed Platforms.Build.0 = Release|Any CPU
		{13EDC722-CD57-49D8-9D8E-7D0055B11C2F}.Release|x86.ActiveCfg = Release|Any CPU
		{899799FA-B097-4042-8BB8-1DCEB26106D0}.Debug|Any CPU.ActiveCfg = Debug|Any CPU
		{899799FA-B097-4042-8BB8-1DCEB26106D0}.Debug|Any CPU.Build.0 = Debug|Any CPU
		{899799FA-B097-4042-8BB8-1DCEB26106D0}.Debug|Mixed Platforms.ActiveCfg = Debug|Any CPU
		{899799FA-B097-4042-8BB8-1DCEB26106D0}.Debug|Mixed Platforms.Build.0 = Debug|Any CPU
		{899799FA-B097-4042-8BB8-1DCEB26106D0}.Debug|x86.ActiveCfg = Debug|Any CPU
		{899799FA-B097-4042-8BB8-1DCEB26106D0}.Release|Any CPU.ActiveCfg = Release|Any CPU
		{899799FA-B097-4042-8BB8-1DCEB26106D0}.Release|Any CPU.Build.0 = Release|Any CPU
		{899799FA-B097-4042-8BB8-1DCEB26106D0}.Release|Mixed Platforms.ActiveCfg = Release|Any CPU
		{899799FA-B097-4042-8BB8-1DCEB26106D0}.Release|Mixed Platforms.Build.0 = Release|Any CPU
		{899799FA-B097-4042-8BB8-1DCEB26106D0}.Release|x86.ActiveCfg = Release|Any CPU
		{68BE7386-9C0B-48B8-A048-7A1CAED5BBCB}.Debug|Any CPU.ActiveCfg = Debug|Any CPU
		{68BE7386-9C0B-48B8-A048-7A1CAED5BBCB}.Debug|Any CPU.Build.0 = Debug|Any CPU
		{68BE7386-9C0B-48B8-A048-7A1CAED5BBCB}.Debug|Mixed Platforms.ActiveCfg = Debug|Any CPU
		{68BE7386-9C0B-48B8-A048-7A1CAED5BBCB}.Debug|Mixed Platforms.Build.0 = Debug|Any CPU
		{68BE7386-9C0B-48B8-A048-7A1CAED5BBCB}.Debug|x86.ActiveCfg = Debug|Any CPU
		{68BE7386-9C0B-48B8-A048-7A1CAED5BBCB}.Release|Any CPU.ActiveCfg = Release|Any CPU
		{68BE7386-9C0B-48B8-A048-7A1CAED5BBCB}.Release|Any CPU.Build.0 = Release|Any CPU
		{68BE7386-9C0B-48B8-A048-7A1CAED5BBCB}.Release|Mixed Platforms.ActiveCfg = Release|Any CPU
		{68BE7386-9C0B-48B8-A048-7A1CAED5BBCB}.Release|Mixed Platforms.Build.0 = Release|Any CPU
		{68BE7386-9C0B-48B8-A048-7A1CAED5BBCB}.Release|x86.ActiveCfg = Release|Any CPU
		{A467F4FD-7F52-41F1-A396-72811E22F1C7}.Debug|Any CPU.ActiveCfg = Debug|Any CPU
		{A467F4FD-7F52-41F1-A396-72811E22F1C7}.Debug|Any CPU.Build.0 = Debug|Any CPU
		{A467F4FD-7F52-41F1-A396-72811E22F1C7}.Debug|Mixed Platforms.ActiveCfg = Debug|Any CPU
		{A467F4FD-7F52-41F1-A396-72811E22F1C7}.Debug|Mixed Platforms.Build.0 = Debug|Any CPU
		{A467F4FD-7F52-41F1-A396-72811E22F1C7}.Debug|x86.ActiveCfg = Debug|Any CPU
		{A467F4FD-7F52-41F1-A396-72811E22F1C7}.Release|Any CPU.ActiveCfg = Release|Any CPU
		{A467F4FD-7F52-41F1-A396-72811E22F1C7}.Release|Any CPU.Build.0 = Release|Any CPU
		{A467F4FD-7F52-41F1-A396-72811E22F1C7}.Release|Mixed Platforms.ActiveCfg = Release|Any CPU
		{A467F4FD-7F52-41F1-A396-72811E22F1C7}.Release|Mixed Platforms.Build.0 = Release|Any CPU
		{A467F4FD-7F52-41F1-A396-72811E22F1C7}.Release|x86.ActiveCfg = Release|Any CPU
		{F622118C-38C5-4D06-929E-46A5DADEF618}.Debug|Any CPU.ActiveCfg = Debug|Any CPU
		{F622118C-38C5-4D06-929E-46A5DADEF618}.Debug|Any CPU.Build.0 = Debug|Any CPU
		{F622118C-38C5-4D06-929E-46A5DADEF618}.Debug|Mixed Platforms.ActiveCfg = Debug|Any CPU
		{F622118C-38C5-4D06-929E-46A5DADEF618}.Debug|Mixed Platforms.Build.0 = Debug|Any CPU
		{F622118C-38C5-4D06-929E-46A5DADEF618}.Debug|x86.ActiveCfg = Debug|Any CPU
		{F622118C-38C5-4D06-929E-46A5DADEF618}.Release|Any CPU.ActiveCfg = Release|Any CPU
		{F622118C-38C5-4D06-929E-46A5DADEF618}.Release|Any CPU.Build.0 = Release|Any CPU
		{F622118C-38C5-4D06-929E-46A5DADEF618}.Release|Mixed Platforms.ActiveCfg = Release|Any CPU
		{F622118C-38C5-4D06-929E-46A5DADEF618}.Release|Mixed Platforms.Build.0 = Release|Any CPU
		{F622118C-38C5-4D06-929E-46A5DADEF618}.Release|x86.ActiveCfg = Release|Any CPU
		{8F6EEE8F-FA80-4A0F-A9AB-80E4D0BE7A71}.Debug|Any CPU.ActiveCfg = Debug|Any CPU
		{8F6EEE8F-FA80-4A0F-A9AB-80E4D0BE7A71}.Debug|Any CPU.Build.0 = Debug|Any CPU
		{8F6EEE8F-FA80-4A0F-A9AB-80E4D0BE7A71}.Debug|Mixed Platforms.ActiveCfg = Debug|Any CPU
		{8F6EEE8F-FA80-4A0F-A9AB-80E4D0BE7A71}.Debug|Mixed Platforms.Build.0 = Debug|Any CPU
		{8F6EEE8F-FA80-4A0F-A9AB-80E4D0BE7A71}.Debug|x86.ActiveCfg = Debug|Any CPU
		{8F6EEE8F-FA80-4A0F-A9AB-80E4D0BE7A71}.Release|Any CPU.ActiveCfg = Release|Any CPU
		{8F6EEE8F-FA80-4A0F-A9AB-80E4D0BE7A71}.Release|Any CPU.Build.0 = Release|Any CPU
		{8F6EEE8F-FA80-4A0F-A9AB-80E4D0BE7A71}.Release|Mixed Platforms.ActiveCfg = Release|Any CPU
		{8F6EEE8F-FA80-4A0F-A9AB-80E4D0BE7A71}.Release|Mixed Platforms.Build.0 = Release|Any CPU
		{8F6EEE8F-FA80-4A0F-A9AB-80E4D0BE7A71}.Release|x86.ActiveCfg = Release|Any CPU
		{0EDC8E8C-9D05-4253-A7FC-C48326094709}.Debug|Any CPU.ActiveCfg = Debug|Any CPU
		{0EDC8E8C-9D05-4253-A7FC-C48326094709}.Debug|Any CPU.Build.0 = Debug|Any CPU
		{0EDC8E8C-9D05-4253-A7FC-C48326094709}.Debug|Mixed Platforms.ActiveCfg = Debug|Any CPU
		{0EDC8E8C-9D05-4253-A7FC-C48326094709}.Debug|Mixed Platforms.Build.0 = Debug|Any CPU
		{0EDC8E8C-9D05-4253-A7FC-C48326094709}.Debug|x86.ActiveCfg = Debug|Any CPU
		{0EDC8E8C-9D05-4253-A7FC-C48326094709}.Release|Any CPU.ActiveCfg = Release|Any CPU
		{0EDC8E8C-9D05-4253-A7FC-C48326094709}.Release|Any CPU.Build.0 = Release|Any CPU
		{0EDC8E8C-9D05-4253-A7FC-C48326094709}.Release|Mixed Platforms.ActiveCfg = Release|Any CPU
		{0EDC8E8C-9D05-4253-A7FC-C48326094709}.Release|Mixed Platforms.Build.0 = Release|Any CPU
		{0EDC8E8C-9D05-4253-A7FC-C48326094709}.Release|x86.ActiveCfg = Release|Any CPU
		{ACE67436-F00A-4852-BD26-71A30610B587}.Debug|Any CPU.ActiveCfg = Debug|Any CPU
		{ACE67436-F00A-4852-BD26-71A30610B587}.Debug|Any CPU.Build.0 = Debug|Any CPU
		{ACE67436-F00A-4852-BD26-71A30610B587}.Debug|Mixed Platforms.ActiveCfg = Debug|Any CPU
		{ACE67436-F00A-4852-BD26-71A30610B587}.Debug|Mixed Platforms.Build.0 = Debug|Any CPU
		{ACE67436-F00A-4852-BD26-71A30610B587}.Debug|x86.ActiveCfg = Debug|Any CPU
		{ACE67436-F00A-4852-BD26-71A30610B587}.Release|Any CPU.ActiveCfg = Release|Any CPU
		{ACE67436-F00A-4852-BD26-71A30610B587}.Release|Any CPU.Build.0 = Release|Any CPU
		{ACE67436-F00A-4852-BD26-71A30610B587}.Release|Mixed Platforms.ActiveCfg = Release|Any CPU
		{ACE67436-F00A-4852-BD26-71A30610B587}.Release|Mixed Platforms.Build.0 = Release|Any CPU
		{ACE67436-F00A-4852-BD26-71A30610B587}.Release|x86.ActiveCfg = Release|Any CPU
		{1A16C6F8-4C8C-4E12-859B-5C266A5B80DB}.Debug|Any CPU.ActiveCfg = Debug|Any CPU
		{1A16C6F8-4C8C-4E12-859B-5C266A5B80DB}.Debug|Any CPU.Build.0 = Debug|Any CPU
		{1A16C6F8-4C8C-4E12-859B-5C266A5B80DB}.Debug|Mixed Platforms.ActiveCfg = Debug|Any CPU
		{1A16C6F8-4C8C-4E12-859B-5C266A5B80DB}.Debug|Mixed Platforms.Build.0 = Debug|Any CPU
		{1A16C6F8-4C8C-4E12-859B-5C266A5B80DB}.Debug|x86.ActiveCfg = Debug|Any CPU
		{1A16C6F8-4C8C-4E12-859B-5C266A5B80DB}.Release|Any CPU.ActiveCfg = Release|Any CPU
		{1A16C6F8-4C8C-4E12-859B-5C266A5B80DB}.Release|Any CPU.Build.0 = Release|Any CPU
		{1A16C6F8-4C8C-4E12-859B-5C266A5B80DB}.Release|Mixed Platforms.ActiveCfg = Release|Any CPU
		{1A16C6F8-4C8C-4E12-859B-5C266A5B80DB}.Release|Mixed Platforms.Build.0 = Release|Any CPU
		{1A16C6F8-4C8C-4E12-859B-5C266A5B80DB}.Release|x86.ActiveCfg = Release|Any CPU
		{234CF252-B969-48A9-B3E9-170A08EDC256}.Debug|Any CPU.ActiveCfg = Debug|Any CPU
		{234CF252-B969-48A9-B3E9-170A08EDC256}.Debug|Any CPU.Build.0 = Debug|Any CPU
		{234CF252-B969-48A9-B3E9-170A08EDC256}.Debug|Mixed Platforms.ActiveCfg = Debug|Any CPU
		{234CF252-B969-48A9-B3E9-170A08EDC256}.Debug|Mixed Platforms.Build.0 = Debug|Any CPU
		{234CF252-B969-48A9-B3E9-170A08EDC256}.Debug|x86.ActiveCfg = Debug|Any CPU
		{234CF252-B969-48A9-B3E9-170A08EDC256}.Release|Any CPU.ActiveCfg = Release|Any CPU
		{234CF252-B969-48A9-B3E9-170A08EDC256}.Release|Any CPU.Build.0 = Release|Any CPU
		{234CF252-B969-48A9-B3E9-170A08EDC256}.Release|Mixed Platforms.ActiveCfg = Release|Any CPU
		{234CF252-B969-48A9-B3E9-170A08EDC256}.Release|Mixed Platforms.Build.0 = Release|Any CPU
		{234CF252-B969-48A9-B3E9-170A08EDC256}.Release|x86.ActiveCfg = Release|Any CPU
		{9C6D3CCC-0751-49B0-8D1C-1333F1B65681}.Debug|Any CPU.ActiveCfg = Debug|Any CPU
		{9C6D3CCC-0751-49B0-8D1C-1333F1B65681}.Debug|Any CPU.Build.0 = Debug|Any CPU
		{9C6D3CCC-0751-49B0-8D1C-1333F1B65681}.Debug|Mixed Platforms.ActiveCfg = Debug|Any CPU
		{9C6D3CCC-0751-49B0-8D1C-1333F1B65681}.Debug|Mixed Platforms.Build.0 = Debug|Any CPU
		{9C6D3CCC-0751-49B0-8D1C-1333F1B65681}.Debug|x86.ActiveCfg = Debug|Any CPU
		{9C6D3CCC-0751-49B0-8D1C-1333F1B65681}.Release|Any CPU.ActiveCfg = Release|Any CPU
		{9C6D3CCC-0751-49B0-8D1C-1333F1B65681}.Release|Any CPU.Build.0 = Release|Any CPU
		{9C6D3CCC-0751-49B0-8D1C-1333F1B65681}.Release|Mixed Platforms.ActiveCfg = Release|Any CPU
		{9C6D3CCC-0751-49B0-8D1C-1333F1B65681}.Release|Mixed Platforms.Build.0 = Release|Any CPU
		{9C6D3CCC-0751-49B0-8D1C-1333F1B65681}.Release|x86.ActiveCfg = Release|Any CPU
		{6246CC43-3D20-4720-97D2-789696BDDAA9}.Debug|Any CPU.ActiveCfg = Debug|x86
		{6246CC43-3D20-4720-97D2-789696BDDAA9}.Debug|Mixed Platforms.ActiveCfg = Debug|x86
		{6246CC43-3D20-4720-97D2-789696BDDAA9}.Debug|Mixed Platforms.Build.0 = Debug|x86
		{6246CC43-3D20-4720-97D2-789696BDDAA9}.Debug|x86.ActiveCfg = Debug|x86
		{6246CC43-3D20-4720-97D2-789696BDDAA9}.Debug|x86.Build.0 = Debug|x86
		{6246CC43-3D20-4720-97D2-789696BDDAA9}.Release|Any CPU.ActiveCfg = Release|x86
		{6246CC43-3D20-4720-97D2-789696BDDAA9}.Release|Mixed Platforms.ActiveCfg = Release|x86
		{6246CC43-3D20-4720-97D2-789696BDDAA9}.Release|Mixed Platforms.Build.0 = Release|x86
		{6246CC43-3D20-4720-97D2-789696BDDAA9}.Release|x86.ActiveCfg = Release|x86
		{6246CC43-3D20-4720-97D2-789696BDDAA9}.Release|x86.Build.0 = Release|x86
		{451D200D-3D3F-4748-8288-96331DF4682E}.Debug|Any CPU.ActiveCfg = Debug|x86
		{451D200D-3D3F-4748-8288-96331DF4682E}.Debug|Mixed Platforms.ActiveCfg = Debug|x86
		{451D200D-3D3F-4748-8288-96331DF4682E}.Debug|Mixed Platforms.Build.0 = Debug|x86
		{451D200D-3D3F-4748-8288-96331DF4682E}.Debug|x86.ActiveCfg = Debug|x86
		{451D200D-3D3F-4748-8288-96331DF4682E}.Debug|x86.Build.0 = Debug|x86
		{451D200D-3D3F-4748-8288-96331DF4682E}.Release|Any CPU.ActiveCfg = Release|x86
		{451D200D-3D3F-4748-8288-96331DF4682E}.Release|Mixed Platforms.ActiveCfg = Release|x86
		{451D200D-3D3F-4748-8288-96331DF4682E}.Release|Mixed Platforms.Build.0 = Release|x86
		{451D200D-3D3F-4748-8288-96331DF4682E}.Release|x86.ActiveCfg = Release|x86
		{451D200D-3D3F-4748-8288-96331DF4682E}.Release|x86.Build.0 = Release|x86
		{1E3E1571-091F-4130-B4DB-C0744A7390B3}.Debug|Any CPU.ActiveCfg = Debug|x86
		{1E3E1571-091F-4130-B4DB-C0744A7390B3}.Debug|Mixed Platforms.ActiveCfg = Debug|x86
		{1E3E1571-091F-4130-B4DB-C0744A7390B3}.Debug|Mixed Platforms.Build.0 = Debug|x86
		{1E3E1571-091F-4130-B4DB-C0744A7390B3}.Debug|x86.ActiveCfg = Debug|x86
		{1E3E1571-091F-4130-B4DB-C0744A7390B3}.Debug|x86.Build.0 = Debug|x86
		{1E3E1571-091F-4130-B4DB-C0744A7390B3}.Release|Any CPU.ActiveCfg = Release|x86
		{1E3E1571-091F-4130-B4DB-C0744A7390B3}.Release|Mixed Platforms.ActiveCfg = Release|x86
		{1E3E1571-091F-4130-B4DB-C0744A7390B3}.Release|Mixed Platforms.Build.0 = Release|x86
		{1E3E1571-091F-4130-B4DB-C0744A7390B3}.Release|x86.ActiveCfg = Release|x86
		{1E3E1571-091F-4130-B4DB-C0744A7390B3}.Release|x86.Build.0 = Release|x86
		{C4FE18FA-99DC-4AFD-BB1A-D35B24D81C3E}.Debug|Any CPU.ActiveCfg = Debug|Any CPU
		{C4FE18FA-99DC-4AFD-BB1A-D35B24D81C3E}.Debug|Any CPU.Build.0 = Debug|Any CPU
		{C4FE18FA-99DC-4AFD-BB1A-D35B24D81C3E}.Debug|Mixed Platforms.ActiveCfg = Debug|Any CPU
		{C4FE18FA-99DC-4AFD-BB1A-D35B24D81C3E}.Debug|Mixed Platforms.Build.0 = Debug|Any CPU
		{C4FE18FA-99DC-4AFD-BB1A-D35B24D81C3E}.Debug|x86.ActiveCfg = Debug|Any CPU
		{C4FE18FA-99DC-4AFD-BB1A-D35B24D81C3E}.Release|Any CPU.ActiveCfg = Release|Any CPU
		{C4FE18FA-99DC-4AFD-BB1A-D35B24D81C3E}.Release|Any CPU.Build.0 = Release|Any CPU
		{C4FE18FA-99DC-4AFD-BB1A-D35B24D81C3E}.Release|Mixed Platforms.ActiveCfg = Release|Any CPU
		{C4FE18FA-99DC-4AFD-BB1A-D35B24D81C3E}.Release|Mixed Platforms.Build.0 = Release|Any CPU
		{C4FE18FA-99DC-4AFD-BB1A-D35B24D81C3E}.Release|x86.ActiveCfg = Release|Any CPU
		{91DCB84F-E00F-4205-918B-2B84A9B95C7E}.Debug|Any CPU.ActiveCfg = Debug|Any CPU
		{91DCB84F-E00F-4205-918B-2B84A9B95C7E}.Debug|Any CPU.Build.0 = Debug|Any CPU
		{91DCB84F-E00F-4205-918B-2B84A9B95C7E}.Debug|Mixed Platforms.ActiveCfg = Debug|Any CPU
		{91DCB84F-E00F-4205-918B-2B84A9B95C7E}.Debug|Mixed Platforms.Build.0 = Debug|Any CPU
		{91DCB84F-E00F-4205-918B-2B84A9B95C7E}.Debug|x86.ActiveCfg = Debug|Any CPU
		{91DCB84F-E00F-4205-918B-2B84A9B95C7E}.Release|Any CPU.ActiveCfg = Release|Any CPU
		{91DCB84F-E00F-4205-918B-2B84A9B95C7E}.Release|Any CPU.Build.0 = Release|Any CPU
		{91DCB84F-E00F-4205-918B-2B84A9B95C7E}.Release|Mixed Platforms.ActiveCfg = Release|Any CPU
		{91DCB84F-E00F-4205-918B-2B84A9B95C7E}.Release|Mixed Platforms.Build.0 = Release|Any CPU
		{91DCB84F-E00F-4205-918B-2B84A9B95C7E}.Release|x86.ActiveCfg = Release|Any CPU
		{A67C483A-E3A6-467D-8107-A1D87342BB17}.Debug|Any CPU.ActiveCfg = Debug|Any CPU
		{A67C483A-E3A6-467D-8107-A1D87342BB17}.Debug|Any CPU.Build.0 = Debug|Any CPU
		{A67C483A-E3A6-467D-8107-A1D87342BB17}.Debug|Mixed Platforms.ActiveCfg = Debug|Any CPU
		{A67C483A-E3A6-467D-8107-A1D87342BB17}.Debug|Mixed Platforms.Build.0 = Debug|Any CPU
		{A67C483A-E3A6-467D-8107-A1D87342BB17}.Debug|x86.ActiveCfg = Debug|Any CPU
		{A67C483A-E3A6-467D-8107-A1D87342BB17}.Release|Any CPU.ActiveCfg = Release|Any CPU
		{A67C483A-E3A6-467D-8107-A1D87342BB17}.Release|Any CPU.Build.0 = Release|Any CPU
		{A67C483A-E3A6-467D-8107-A1D87342BB17}.Release|Mixed Platforms.ActiveCfg = Release|Any CPU
		{A67C483A-E3A6-467D-8107-A1D87342BB17}.Release|Mixed Platforms.Build.0 = Release|Any CPU
		{A67C483A-E3A6-467D-8107-A1D87342BB17}.Release|x86.ActiveCfg = Release|Any CPU
		{CA11079B-59EE-41D0-B8E9-FFF6E125E9EC}.Debug|Any CPU.ActiveCfg = Debug|Any CPU
		{CA11079B-59EE-41D0-B8E9-FFF6E125E9EC}.Debug|Any CPU.Build.0 = Debug|Any CPU
		{CA11079B-59EE-41D0-B8E9-FFF6E125E9EC}.Debug|Mixed Platforms.ActiveCfg = Debug|Any CPU
		{CA11079B-59EE-41D0-B8E9-FFF6E125E9EC}.Debug|Mixed Platforms.Build.0 = Debug|Any CPU
		{CA11079B-59EE-41D0-B8E9-FFF6E125E9EC}.Debug|x86.ActiveCfg = Debug|Any CPU
		{CA11079B-59EE-41D0-B8E9-FFF6E125E9EC}.Release|Any CPU.ActiveCfg = Release|Any CPU
		{CA11079B-59EE-41D0-B8E9-FFF6E125E9EC}.Release|Any CPU.Build.0 = Release|Any CPU
		{CA11079B-59EE-41D0-B8E9-FFF6E125E9EC}.Release|Mixed Platforms.ActiveCfg = Release|Any CPU
		{CA11079B-59EE-41D0-B8E9-FFF6E125E9EC}.Release|Mixed Platforms.Build.0 = Release|Any CPU
		{CA11079B-59EE-41D0-B8E9-FFF6E125E9EC}.Release|x86.ActiveCfg = Release|Any CPU
		{D16F889D-294D-4865-9281-B197C0418637}.Debug|Any CPU.ActiveCfg = Debug|Any CPU
		{D16F889D-294D-4865-9281-B197C0418637}.Debug|Any CPU.Build.0 = Debug|Any CPU
		{D16F889D-294D-4865-9281-B197C0418637}.Debug|Mixed Platforms.ActiveCfg = Debug|Any CPU
		{D16F889D-294D-4865-9281-B197C0418637}.Debug|Mixed Platforms.Build.0 = Debug|Any CPU
		{D16F889D-294D-4865-9281-B197C0418637}.Debug|x86.ActiveCfg = Debug|Any CPU
		{D16F889D-294D-4865-9281-B197C0418637}.Release|Any CPU.ActiveCfg = Release|Any CPU
		{D16F889D-294D-4865-9281-B197C0418637}.Release|Any CPU.Build.0 = Release|Any CPU
		{D16F889D-294D-4865-9281-B197C0418637}.Release|Mixed Platforms.ActiveCfg = Release|Any CPU
		{D16F889D-294D-4865-9281-B197C0418637}.Release|Mixed Platforms.Build.0 = Release|Any CPU
		{D16F889D-294D-4865-9281-B197C0418637}.Release|x86.ActiveCfg = Release|Any CPU
		{A223477F-3D00-48A6-BAE3-DC8495572019}.Debug|Any CPU.ActiveCfg = Debug|Any CPU
		{A223477F-3D00-48A6-BAE3-DC8495572019}.Debug|Any CPU.Build.0 = Debug|Any CPU
		{A223477F-3D00-48A6-BAE3-DC8495572019}.Debug|Mixed Platforms.ActiveCfg = Debug|Any CPU
		{A223477F-3D00-48A6-BAE3-DC8495572019}.Debug|Mixed Platforms.Build.0 = Debug|Any CPU
		{A223477F-3D00-48A6-BAE3-DC8495572019}.Debug|x86.ActiveCfg = Debug|Any CPU
		{A223477F-3D00-48A6-BAE3-DC8495572019}.Release|Any CPU.ActiveCfg = Release|Any CPU
		{A223477F-3D00-48A6-BAE3-DC8495572019}.Release|Any CPU.Build.0 = Release|Any CPU
		{A223477F-3D00-48A6-BAE3-DC8495572019}.Release|Mixed Platforms.ActiveCfg = Release|Any CPU
		{A223477F-3D00-48A6-BAE3-DC8495572019}.Release|Mixed Platforms.Build.0 = Release|Any CPU
		{A223477F-3D00-48A6-BAE3-DC8495572019}.Release|x86.ActiveCfg = Release|Any CPU
		{084A8C8D-590C-42AD-95D8-B154D657654F}.Debug|Any CPU.ActiveCfg = Debug|Any CPU
		{084A8C8D-590C-42AD-95D8-B154D657654F}.Debug|Any CPU.Build.0 = Debug|Any CPU
		{084A8C8D-590C-42AD-95D8-B154D657654F}.Debug|Mixed Platforms.ActiveCfg = Debug|Any CPU
		{084A8C8D-590C-42AD-95D8-B154D657654F}.Debug|Mixed Platforms.Build.0 = Debug|Any CPU
		{084A8C8D-590C-42AD-95D8-B154D657654F}.Debug|x86.ActiveCfg = Debug|Any CPU
		{084A8C8D-590C-42AD-95D8-B154D657654F}.Release|Any CPU.ActiveCfg = Release|Any CPU
		{084A8C8D-590C-42AD-95D8-B154D657654F}.Release|Any CPU.Build.0 = Release|Any CPU
		{084A8C8D-590C-42AD-95D8-B154D657654F}.Release|Mixed Platforms.ActiveCfg = Release|Any CPU
		{084A8C8D-590C-42AD-95D8-B154D657654F}.Release|Mixed Platforms.Build.0 = Release|Any CPU
		{084A8C8D-590C-42AD-95D8-B154D657654F}.Release|x86.ActiveCfg = Release|Any CPU
		{74B8667C-33E9-4817-B7D0-F187F21B034C}.Debug|Any CPU.ActiveCfg = Debug|Any CPU
		{74B8667C-33E9-4817-B7D0-F187F21B034C}.Debug|Any CPU.Build.0 = Debug|Any CPU
		{74B8667C-33E9-4817-B7D0-F187F21B034C}.Debug|Mixed Platforms.ActiveCfg = Debug|Any CPU
		{74B8667C-33E9-4817-B7D0-F187F21B034C}.Debug|Mixed Platforms.Build.0 = Debug|Any CPU
		{74B8667C-33E9-4817-B7D0-F187F21B034C}.Debug|x86.ActiveCfg = Debug|Any CPU
		{74B8667C-33E9-4817-B7D0-F187F21B034C}.Release|Any CPU.ActiveCfg = Release|Any CPU
		{74B8667C-33E9-4817-B7D0-F187F21B034C}.Release|Any CPU.Build.0 = Release|Any CPU
		{74B8667C-33E9-4817-B7D0-F187F21B034C}.Release|Mixed Platforms.ActiveCfg = Release|Any CPU
		{74B8667C-33E9-4817-B7D0-F187F21B034C}.Release|Mixed Platforms.Build.0 = Release|Any CPU
		{74B8667C-33E9-4817-B7D0-F187F21B034C}.Release|x86.ActiveCfg = Release|Any CPU
		{C5076A24-55DF-472F-8C26-F944683FA971}.Debug|Any CPU.ActiveCfg = Debug|Any CPU
		{C5076A24-55DF-472F-8C26-F944683FA971}.Debug|Any CPU.Build.0 = Debug|Any CPU
		{C5076A24-55DF-472F-8C26-F944683FA971}.Debug|Mixed Platforms.ActiveCfg = Debug|Any CPU
		{C5076A24-55DF-472F-8C26-F944683FA971}.Debug|Mixed Platforms.Build.0 = Debug|Any CPU
		{C5076A24-55DF-472F-8C26-F944683FA971}.Debug|x86.ActiveCfg = Debug|Any CPU
		{C5076A24-55DF-472F-8C26-F944683FA971}.Release|Any CPU.ActiveCfg = Release|Any CPU
		{C5076A24-55DF-472F-8C26-F944683FA971}.Release|Any CPU.Build.0 = Release|Any CPU
		{C5076A24-55DF-472F-8C26-F944683FA971}.Release|Mixed Platforms.ActiveCfg = Release|Any CPU
		{C5076A24-55DF-472F-8C26-F944683FA971}.Release|Mixed Platforms.Build.0 = Release|Any CPU
		{C5076A24-55DF-472F-8C26-F944683FA971}.Release|x86.ActiveCfg = Release|Any CPU
		{B58A3839-A080-4EE3-BAA6-B2EFCAAA54CB}.Debug|Any CPU.ActiveCfg = Debug|Any CPU
		{B58A3839-A080-4EE3-BAA6-B2EFCAAA54CB}.Debug|Any CPU.Build.0 = Debug|Any CPU
		{B58A3839-A080-4EE3-BAA6-B2EFCAAA54CB}.Debug|Mixed Platforms.ActiveCfg = Debug|Any CPU
		{B58A3839-A080-4EE3-BAA6-B2EFCAAA54CB}.Debug|Mixed Platforms.Build.0 = Debug|Any CPU
		{B58A3839-A080-4EE3-BAA6-B2EFCAAA54CB}.Debug|x86.ActiveCfg = Debug|Any CPU
		{B58A3839-A080-4EE3-BAA6-B2EFCAAA54CB}.Release|Any CPU.ActiveCfg = Release|Any CPU
		{B58A3839-A080-4EE3-BAA6-B2EFCAAA54CB}.Release|Any CPU.Build.0 = Release|Any CPU
		{B58A3839-A080-4EE3-BAA6-B2EFCAAA54CB}.Release|Mixed Platforms.ActiveCfg = Release|Any CPU
		{B58A3839-A080-4EE3-BAA6-B2EFCAAA54CB}.Release|Mixed Platforms.Build.0 = Release|Any CPU
		{B58A3839-A080-4EE3-BAA6-B2EFCAAA54CB}.Release|x86.ActiveCfg = Release|Any CPU
	EndGlobalSection
	GlobalSection(SolutionProperties) = preSolution
		HideSolutionNode = FALSE
	EndGlobalSection
	GlobalSection(NestedProjects) = preSolution
		{0348CA5E-C60B-424D-999C-55A153A637E1} = {E3994E17-EA3D-4139-A8EC-AAF34743DFD2}
		{234CF252-B969-48A9-B3E9-170A08EDC256} = {E3994E17-EA3D-4139-A8EC-AAF34743DFD2}
		{9C6D3CCC-0751-49B0-8D1C-1333F1B65681} = {E3994E17-EA3D-4139-A8EC-AAF34743DFD2}
		{EE199967-9BD1-41E8-9465-9E3B60C33E58} = {B84861F9-B0A9-49F5-8261-5A6FE783B2F9}
		{13EDC722-CD57-49D8-9D8E-7D0055B11C2F} = {B84861F9-B0A9-49F5-8261-5A6FE783B2F9}
		{899799FA-B097-4042-8BB8-1DCEB26106D0} = {B84861F9-B0A9-49F5-8261-5A6FE783B2F9}
		{A467F4FD-7F52-41F1-A396-72811E22F1C7} = {B84861F9-B0A9-49F5-8261-5A6FE783B2F9}
		{0EDC8E8C-9D05-4253-A7FC-C48326094709} = {B84861F9-B0A9-49F5-8261-5A6FE783B2F9}
		{ACE67436-F00A-4852-BD26-71A30610B587} = {B84861F9-B0A9-49F5-8261-5A6FE783B2F9}
		{1A16C6F8-4C8C-4E12-859B-5C266A5B80DB} = {B84861F9-B0A9-49F5-8261-5A6FE783B2F9}
		{451D200D-3D3F-4748-8288-96331DF4682E} = {B84861F9-B0A9-49F5-8261-5A6FE783B2F9}
		{C4FE18FA-99DC-4AFD-BB1A-D35B24D81C3E} = {B84861F9-B0A9-49F5-8261-5A6FE783B2F9}
		{91DCB84F-E00F-4205-918B-2B84A9B95C7E} = {B84861F9-B0A9-49F5-8261-5A6FE783B2F9}
		{A67C483A-E3A6-467D-8107-A1D87342BB17} = {B84861F9-B0A9-49F5-8261-5A6FE783B2F9}
		{CA11079B-59EE-41D0-B8E9-FFF6E125E9EC} = {B84861F9-B0A9-49F5-8261-5A6FE783B2F9}
		{D16F889D-294D-4865-9281-B197C0418637} = {B84861F9-B0A9-49F5-8261-5A6FE783B2F9}
		{A223477F-3D00-48A6-BAE3-DC8495572019} = {B84861F9-B0A9-49F5-8261-5A6FE783B2F9}
		{084A8C8D-590C-42AD-95D8-B154D657654F} = {B84861F9-B0A9-49F5-8261-5A6FE783B2F9}
		{74B8667C-33E9-4817-B7D0-F187F21B034C} = {B84861F9-B0A9-49F5-8261-5A6FE783B2F9}
		{C5076A24-55DF-472F-8C26-F944683FA971} = {B84861F9-B0A9-49F5-8261-5A6FE783B2F9}
		{B58A3839-A080-4EE3-BAA6-B2EFCAAA54CB} = {B84861F9-B0A9-49F5-8261-5A6FE783B2F9}
		{FCB49407-1470-44C8-8D9B-AABA921FF088} = {B7C86398-2BFA-4131-B196-58237DAD38A0}
		{F622118C-38C5-4D06-929E-46A5DADEF618} = {B7C86398-2BFA-4131-B196-58237DAD38A0}
		{8F6EEE8F-FA80-4A0F-A9AB-80E4D0BE7A71} = {B7C86398-2BFA-4131-B196-58237DAD38A0}
		{68BE7386-9C0B-48B8-A048-7A1CAED5BBCB} = {DE0D85C3-B670-468B-8211-0E2FC5A8D1A4}
		{6246CC43-3D20-4720-97D2-789696BDDAA9} = {DE0D85C3-B670-468B-8211-0E2FC5A8D1A4}
		{1E3E1571-091F-4130-B4DB-C0744A7390B3} = {DE0D85C3-B670-468B-8211-0E2FC5A8D1A4}
	EndGlobalSection
	GlobalSection(ExtensibilityGlobals) = postSolution
		VisualSVNWorkingCopyRoot = .
	EndGlobalSection
EndGlobal
